
Microsoft Visual Studio Solution File, Format Version 12.00
# Visual Studio Version 16
VisualStudioVersion = 16.0.30711.63
MinimumVisualStudioVersion = 10.0.40219.1
Project("{FAE04EC0-301F-11D3-BF4B-00C04F79EFBC}") = "EmployeeOverload", "EmployeeOverload\EmployeeOverload.csproj", "{C37F26CD-8F4C-410C-A483-682903183F52}"
EndProject
Global
	GlobalSection(SolutionConfigurationPlatforms) = preSolution
		Debug|Any CPU = Debug|Any CPU
		Release|Any CPU = Release|Any CPU
	EndGlobalSection
	GlobalSection(ProjectConfigurationPlatforms) = postSolution
		{C37F26CD-8F4C-410C-A483-682903183F52}.Debug|Any CPU.ActiveCfg = Debug|Any CPU
		{C37F26CD-8F4C-410C-A483-682903183F52}.Debug|Any CPU.Build.0 = Debug|Any CPU
		{C37F26CD-8F4C-410C-A483-682903183F52}.Release|Any CPU.ActiveCfg = Release|Any CPU
		{C37F26CD-8F4C-410C-A483-682903183F52}.Release|Any CPU.Build.0 = Release|Any CPU
	EndGlobalSection
	GlobalSection(SolutionProperties) = preSolution
		HideSolutionNode = FALSE
	EndGlobalSection
	GlobalSection(ExtensibilityGlobals) = postSolution
		SolutionGuid = {7998D31C-120A-40B1-A696-F407F7BF2E26}
	EndGlobalSection
EndGlobal
